
Microsoft Visual Studio Solution File, Format Version 12.00
# Visual Studio Version 17
VisualStudioVersion = 17.10.34607.79
MinimumVisualStudioVersion = 10.0.40219.1
Project("{FAE04EC0-301F-11D3-BF4B-00C04F79EFBC}") = "AdTechTestTask", "AdTechTestTask\AdTechTestTask.csproj", "{878DD1B0-04C7-4C15-A432-6F8EAA7DA0EE}"
EndProject
Project("{FAE04EC0-301F-11D3-BF4B-00C04F79EFBC}") = "AdTechTestTask.Tests", "AdTechTestTask.Tests\AdTechTestTask.Tests.csproj", "{2EB018D6-453B-4EA6-94D9-A6B1B0DCEA4A}"
EndProject
Global
	GlobalSection(SolutionConfigurationPlatforms) = preSolution
		Debug|Any CPU = Debug|Any CPU
		Release|Any CPU = Release|Any CPU
	EndGlobalSection
	GlobalSection(ProjectConfigurationPlatforms) = postSolution
		{878DD1B0-04C7-4C15-A432-6F8EAA7DA0EE}.Debug|Any CPU.ActiveCfg = Debug|Any CPU
		{878DD1B0-04C7-4C15-A432-6F8EAA7DA0EE}.Debug|Any CPU.Build.0 = Debug|Any CPU
		{878DD1B0-04C7-4C15-A432-6F8EAA7DA0EE}.Release|Any CPU.ActiveCfg = Release|Any CPU
		{878DD1B0-04C7-4C15-A432-6F8EAA7DA0EE}.Release|Any CPU.Build.0 = Release|Any CPU
		{2EB018D6-453B-4EA6-94D9-A6B1B0DCEA4A}.Debug|Any CPU.ActiveCfg = Debug|Any CPU
		{2EB018D6-453B-4EA6-94D9-A6B1B0DCEA4A}.Debug|Any CPU.Build.0 = Debug|Any CPU
		{2EB018D6-453B-4EA6-94D9-A6B1B0DCEA4A}.Release|Any CPU.ActiveCfg = Release|Any CPU
		{2EB018D6-453B-4EA6-94D9-A6B1B0DCEA4A}.Release|Any CPU.Build.0 = Release|Any CPU
	EndGlobalSection
	GlobalSection(SolutionProperties) = preSolution
		HideSolutionNode = FALSE
	EndGlobalSection
	GlobalSection(ExtensibilityGlobals) = postSolution
		SolutionGuid = {02ED20A8-462C-436E-904B-FE22684E7885}
	EndGlobalSection
EndGlobal
